# This file was autogenerated by uv via the following command:
#    uv pip compile pyproject.toml -o requirements.lock --python-version 3.12
certifi==2026.2.25
    # via requests
cffi==2.0.0
    # via cryptography
charset-normalizer==3.4.6
    # via requests
cryptography==46.0.6
    # via
    #   google-auth
    #   openstacksdk
decorator==5.2.1
    # via
    #   dogpile-cache
    #   openstacksdk
dogpile-cache==1.5.0
    # via openstacksdk
google-auth==2.49.1
    # via
    #   google-auth-oauthlib
    #   gspread
google-auth-oauthlib==1.3.0
    # via gspread
gspread==6.2.1
    # via account-automation (pyproject.toml)
idna==3.11
    # via requests
iso8601==2.1.0
    # via
    #   keystoneauth1
    #   openstacksdk
jmespath==1.1.0
    # via openstacksdk
jsonpatch==1.33
    # via openstacksdk
jsonpointer==3.1.1
    # via jsonpatch
keystoneauth1==5.13.1
    # via openstacksdk
oauthlib==3.3.1
    # via requests-oauthlib
openstacksdk==4.10.0
    # via account-automation (pyproject.toml)
os-service-types==1.8.2
    # via
    #   keystoneauth1
    #   openstacksdk
pbr==7.0.3
    # via
    #   keystoneauth1
    #   openstacksdk
    #   os-service-types
platformdirs==4.9.4
    # via openstacksdk
psutil==7.2.2
    # via openstacksdk
pyasn1==0.6.3
    # via pyasn1-modules
pyasn1-modules==0.4.2
    # via google-auth
pycparser==3.0
    # via cffi
python-dateutil==2.9.0.post0
    # via account-automation (pyproject.toml)
python-dotenv==1.2.2
    # via account-automation (pyproject.toml)
pyyaml==6.0.3
    # via openstacksdk
requests==2.33.0
    # via
    #   keystoneauth1
    #   requests-oauthlib
    #   resend
requests-oauthlib==2.0.0
    # via google-auth-oauthlib
requestsexceptions==1.4.0
    # via openstacksdk
resend==2.26.0
    # via account-automation (pyproject.toml)
setuptools==82.0.1
    # via pbr
six==1.17.0
    # via python-dateutil
stevedore==5.7.0
    # via
    #   dogpile-cache
    #   keystoneauth1
tenacity==9.1.4
    # via account-automation (pyproject.toml)
typing-extensions==4.15.0
    # via
    #   keystoneauth1
    #   openstacksdk
    #   os-service-types
    #   resend
urllib3==2.6.3
    # via requests
